// !$*UTF8*$!
{
	archiveVersion = 1;
	classes = {
	};
	objectVersion = 46;
	objects = {

/* Begin PBXBuildFile section */
		241342B11E51182100EA1803 /* VirtualTourist.xcdatamodeld in Sources */ = {isa = PBXBuildFile; fileRef = 241342AF1E51182100EA1803 /* VirtualTourist.xcdatamodeld */; };
		241342BB1E511FAD00EA1803 /* FlickrClient.swift in Sources */ = {isa = PBXBuildFile; fileRef = 241342BA1E511FAD00EA1803 /* FlickrClient.swift */; };
		241342BD1E511FD900EA1803 /* FlickrConstants.swift in Sources */ = {isa = PBXBuildFile; fileRef = 241342BC1E511FD900EA1803 /* FlickrConstants.swift */; };
		2447E80C1E4C57D500323545 /* AppDelegate.swift in Sources */ = {isa = PBXBuildFile; fileRef = 2447E80B1E4C57D500323545 /* AppDelegate.swift */; };
		2447E8111E4C57D500323545 /* Main.storyboard in Resources */ = {isa = PBXBuildFile; fileRef = 2447E80F1E4C57D500323545 /* Main.storyboard */; };
		2447E8131E4C57D500323545 /* Assets.xcassets in Resources */ = {isa = PBXBuildFile; fileRef = 2447E8121E4C57D500323545 /* Assets.xcassets */; };
		2447E8161E4C57D500323545 /* LaunchScreen.storyboard in Resources */ = {isa = PBXBuildFile; fileRef = 2447E8141E4C57D500323545 /* LaunchScreen.storyboard */; };
		2447E8211E4C57D500323545 /* VirtualTouristTests.swift in Sources */ = {isa = PBXBuildFile; fileRef = 2447E8201E4C57D500323545 /* VirtualTouristTests.swift */; };
		2447E82C1E4C57D500323545 /* VirtualTouristUITests.swift in Sources */ = {isa = PBXBuildFile; fileRef = 2447E82B1E4C57D500323545 /* VirtualTouristUITests.swift */; };
		24C5BB861E51246200D17B2E /* Constants.swift in Sources */ = {isa = PBXBuildFile; fileRef = 24C5BB851E51246200D17B2E /* Constants.swift */; };
		24C5BB881E51248B00D17B2E /* ApiKeys.swift in Sources */ = {isa = PBXBuildFile; fileRef = 24C5BB871E51248B00D17B2E /* ApiKeys.swift */; };
		24C5BB8A1E5124AE00D17B2E /* ApiKeys.plist in Resources */ = {isa = PBXBuildFile; fileRef = 24C5BB891E5124AE00D17B2E /* ApiKeys.plist */; };
		24C5BBAC1E53B69D00D17B2E /* FlickrConvenience.swift in Sources */ = {isa = PBXBuildFile; fileRef = 24C5BBAB1E53B69D00D17B2E /* FlickrConvenience.swift */; };
		24C5BBAE1E53B9CE00D17B2E /* PhotoCollectionViewCell.swift in Sources */ = {isa = PBXBuildFile; fileRef = 24C5BBAD1E53B9CE00D17B2E /* PhotoCollectionViewCell.swift */; };
		24C5BBB01E53BA0E00D17B2E /* LocationsMapViewController.swift in Sources */ = {isa = PBXBuildFile; fileRef = 24C5BBAF1E53BA0E00D17B2E /* LocationsMapViewController.swift */; };
		24C5BBB21E53BA2C00D17B2E /* PhotoAlbumViewController.swift in Sources */ = {isa = PBXBuildFile; fileRef = 24C5BBB11E53BA2C00D17B2E /* PhotoAlbumViewController.swift */; };
		24C5BBB41E53BDE000D17B2E /* PinAnnotation.swift in Sources */ = {isa = PBXBuildFile; fileRef = 24C5BBB31E53BDE000D17B2E /* PinAnnotation.swift */; };
		24C5BBB91E53C3BD00D17B2E /* Pin+CoreDataClass.swift in Sources */ = {isa = PBXBuildFile; fileRef = 24C5BBB51E53C3BD00D17B2E /* Pin+CoreDataClass.swift */; };
		24C5BBBA1E53C3BD00D17B2E /* Pin+CoreDataProperties.swift in Sources */ = {isa = PBXBuildFile; fileRef = 24C5BBB61E53C3BD00D17B2E /* Pin+CoreDataProperties.swift */; };
		24C5BBBB1E53C3BD00D17B2E /* Photo+CoreDataClass.swift in Sources */ = {isa = PBXBuildFile; fileRef = 24C5BBB71E53C3BD00D17B2E /* Photo+CoreDataClass.swift */; };
		24C5BBBC1E53C3BD00D17B2E /* Photo+CoreDataProperties.swift in Sources */ = {isa = PBXBuildFile; fileRef = 24C5BBB81E53C3BD00D17B2E /* Photo+CoreDataProperties.swift */; };
/* End PBXBuildFile section */

/* Begin PBXContainerItemProxy section */
		2447E81D1E4C57D500323545 /* PBXContainerItemProxy */ = {
			isa = PBXContainerItemProxy;
			containerPortal = 2447E8001E4C57D500323545 /* Project object */;
			proxyType = 1;
			remoteGlobalIDString = 2447E8071E4C57D500323545;
			remoteInfo = VirtualTourist;
		};
		2447E8281E4C57D500323545 /* PBXContainerItemProxy */ = {
			isa = PBXContainerItemProxy;
			containerPortal = 2447E8001E4C57D500323545 /* Project object */;
			proxyType = 1;
			remoteGlobalIDString = 2447E8071E4C57D500323545;
			remoteInfo = VirtualTourist;
		};
/* End PBXContainerItemProxy section */

/* Begin PBXFileReference section */
		241342B01E51182100EA1803 /* VirtualTourist.xcdatamodel */ = {isa = PBXFileReference; lastKnownFileType = wrapper.xcdatamodel; path = VirtualTourist.xcdatamodel; sourceTree = "<group>"; };
		241342BA1E511FAD00EA1803 /* FlickrClient.swift */ = {isa = PBXFileReference; fileEncoding = 4; lastKnownFileType = sourcecode.swift; path = FlickrClient.swift; sourceTree = "<group>"; };
		241342BC1E511FD900EA1803 /* FlickrConstants.swift */ = {isa = PBXFileReference; fileEncoding = 4; lastKnownFileType = sourcecode.swift; path = FlickrConstants.swift; sourceTree = "<group>"; };
		2447E8081E4C57D500323545 /* VirtualTourist.app */ = {isa = PBXFileReference; explicitFileType = wrapper.application; includeInIndex = 0; path = VirtualTourist.app; sourceTree = BUILT_PRODUCTS_DIR; };
		2447E80B1E4C57D500323545 /* AppDelegate.swift */ = {isa = PBXFileReference; lastKnownFileType = sourcecode.swift; path = AppDelegate.swift; sourceTree = "<group>"; };
		2447E8101E4C57D500323545 /* Base */ = {isa = PBXFileReference; lastKnownFileType = file.storyboard; name = Base; path = Base.lproj/Main.storyboard; sourceTree = "<group>"; };
		2447E8121E4C57D500323545 /* Assets.xcassets */ = {isa = PBXFileReference; lastKnownFileType = folder.assetcatalog; path = Assets.xcassets; sourceTree = "<group>"; };
		2447E8151E4C57D500323545 /* Base */ = {isa = PBXFileReference; lastKnownFileType = file.storyboard; name = Base; path = Base.lproj/LaunchScreen.storyboard; sourceTree = "<group>"; };
		2447E8171E4C57D500323545 /* Info.plist */ = {isa = PBXFileReference; lastKnownFileType = text.plist.xml; path = Info.plist; sourceTree = "<group>"; };
		2447E81C1E4C57D500323545 /* VirtualTouristTests.xctest */ = {isa = PBXFileReference; explicitFileType = wrapper.cfbundle; includeInIndex = 0; path = VirtualTouristTests.xctest; sourceTree = BUILT_PRODUCTS_DIR; };
		2447E8201E4C57D500323545 /* VirtualTouristTests.swift */ = {isa = PBXFileReference; lastKnownFileType = sourcecode.swift; path = VirtualTouristTests.swift; sourceTree = "<group>"; };
		2447E8221E4C57D500323545 /* Info.plist */ = {isa = PBXFileReference; lastKnownFileType = text.plist.xml; path = Info.plist; sourceTree = "<group>"; };
		2447E8271E4C57D500323545 /* VirtualTouristUITests.xctest */ = {isa = PBXFileReference; explicitFileType = wrapper.cfbundle; includeInIndex = 0; path = VirtualTouristUITests.xctest; sourceTree = BUILT_PRODUCTS_DIR; };
		2447E82B1E4C57D500323545 /* VirtualTouristUITests.swift */ = {isa = PBXFileReference; lastKnownFileType = sourcecode.swift; path = VirtualTouristUITests.swift; sourceTree = "<group>"; };
		2447E82D1E4C57D500323545 /* Info.plist */ = {isa = PBXFileReference; lastKnownFileType = text.plist.xml; path = Info.plist; sourceTree = "<group>"; };
		24C5BB851E51246200D17B2E /* Constants.swift */ = {isa = PBXFileReference; fileEncoding = 4; lastKnownFileType = sourcecode.swift; path = Constants.swift; sourceTree = "<group>"; };
		24C5BB871E51248B00D17B2E /* ApiKeys.swift */ = {isa = PBXFileReference; fileEncoding = 4; lastKnownFileType = sourcecode.swift; name = ApiKeys.swift; path = ../ApiKeys.swift; sourceTree = "<group>"; };
		24C5BB891E5124AE00D17B2E /* ApiKeys.plist */ = {isa = PBXFileReference; fileEncoding = 4; lastKnownFileType = text.plist.xml; name = ApiKeys.plist; path = ../ApiKeys.plist; sourceTree = "<group>"; };
		24C5BBAB1E53B69D00D17B2E /* FlickrConvenience.swift */ = {isa = PBXFileReference; fileEncoding = 4; lastKnownFileType = sourcecode.swift; path = FlickrConvenience.swift; sourceTree = "<group>"; };
		24C5BBAD1E53B9CE00D17B2E /* PhotoCollectionViewCell.swift */ = {isa = PBXFileReference; fileEncoding = 4; lastKnownFileType = sourcecode.swift; path = PhotoCollectionViewCell.swift; sourceTree = "<group>"; };
		24C5BBAF1E53BA0E00D17B2E /* LocationsMapViewController.swift */ = {isa = PBXFileReference; fileEncoding = 4; lastKnownFileType = sourcecode.swift; path = LocationsMapViewController.swift; sourceTree = "<group>"; };
		24C5BBB11E53BA2C00D17B2E /* PhotoAlbumViewController.swift */ = {isa = PBXFileReference; fileEncoding = 4; lastKnownFileType = sourcecode.swift; path = PhotoAlbumViewController.swift; sourceTree = "<group>"; };
		24C5BBB31E53BDE000D17B2E /* PinAnnotation.swift */ = {isa = PBXFileReference; fileEncoding = 4; lastKnownFileType = sourcecode.swift; path = PinAnnotation.swift; sourceTree = "<group>"; };
		24C5BBB51E53C3BD00D17B2E /* Pin+CoreDataClass.swift */ = {isa = PBXFileReference; fileEncoding = 4; lastKnownFileType = sourcecode.swift; name = "Pin+CoreDataClass.swift"; path = "../Pin+CoreDataClass.swift"; sourceTree = "<group>"; };
		24C5BBB61E53C3BD00D17B2E /* Pin+CoreDataProperties.swift */ = {isa = PBXFileReference; fileEncoding = 4; lastKnownFileType = sourcecode.swift; name = "Pin+CoreDataProperties.swift"; path = "../Pin+CoreDataProperties.swift"; sourceTree = "<group>"; };
		24C5BBB71E53C3BD00D17B2E /* Photo+CoreDataClass.swift */ = {isa = PBXFileReference; fileEncoding = 4; lastKnownFileType = sourcecode.swift; name = "Photo+CoreDataClass.swift"; path = "../Photo+CoreDataClass.swift"; sourceTree = "<group>"; };
		24C5BBB81E53C3BD00D17B2E /* Photo+CoreDataProperties.swift */ = {isa = PBXFileReference; fileEncoding = 4; lastKnownFileType = sourcecode.swift; name = "Photo+CoreDataProperties.swift"; path = "../Photo+CoreDataProperties.swift"; sourceTree = "<group>"; };
/* End PBXFileReference section */

/* Begin PBXFrameworksBuildPhase section */
		2447E8051E4C57D500323545 /* Frameworks */ = {
			isa = PBXFrameworksBuildPhase;
			buildActionMask = 2147483647;
			files = (
			);
			runOnlyForDeploymentPostprocessing = 0;
		};
		2447E8191E4C57D500323545 /* Frameworks */ = {
			isa = PBXFrameworksBuildPhase;
			buildActionMask = 2147483647;
			files = (
			);
			runOnlyForDeploymentPostprocessing = 0;
		};
		2447E8241E4C57D500323545 /* Frameworks */ = {
			isa = PBXFrameworksBuildPhase;
			buildActionMask = 2147483647;
			files = (
			);
			runOnlyForDeploymentPostprocessing = 0;
		};
/* End PBXFrameworksBuildPhase section */

/* Begin PBXGroup section */
		2447E7FF1E4C57D500323545 = {
			isa = PBXGroup;
			children = (
				2447E80A1E4C57D500323545 /* VirtualTourist */,
				2447E81F1E4C57D500323545 /* VirtualTouristTests */,
				2447E82A1E4C57D500323545 /* VirtualTouristUITests */,
				2447E8091E4C57D500323545 /* Products */,
			);
			sourceTree = "<group>";
		};
		2447E8091E4C57D500323545 /* Products */ = {
			isa = PBXGroup;
			children = (
				2447E8081E4C57D500323545 /* VirtualTourist.app */,
				2447E81C1E4C57D500323545 /* VirtualTouristTests.xctest */,
				2447E8271E4C57D500323545 /* VirtualTouristUITests.xctest */,
			);
			name = Products;
			sourceTree = "<group>";
		};
		2447E80A1E4C57D500323545 /* VirtualTourist */ = {
			isa = PBXGroup;
			children = (
				2447E83D1E4C585400323545 /* Assets */,
				2447E83C1E4C584100323545 /* Controller */,
				2447E83B1E4C583800323545 /* View */,
				2447E83A1E4C581D00323545 /* Model */,
				2447E8391E4C57F800323545 /* AppConstants */,
				2447E80B1E4C57D500323545 /* AppDelegate.swift */,
				2447E8171E4C57D500323545 /* Info.plist */,
			);
			path = VirtualTourist;
			sourceTree = "<group>";
		};
		2447E81F1E4C57D500323545 /* VirtualTouristTests */ = {
			isa = PBXGroup;
			children = (
				2447E8201E4C57D500323545 /* VirtualTouristTests.swift */,
				2447E8221E4C57D500323545 /* Info.plist */,
			);
			path = VirtualTouristTests;
			sourceTree = "<group>";
		};
		2447E82A1E4C57D500323545 /* VirtualTouristUITests */ = {
			isa = PBXGroup;
			children = (
				2447E82B1E4C57D500323545 /* VirtualTouristUITests.swift */,
				2447E82D1E4C57D500323545 /* Info.plist */,
			);
			path = VirtualTouristUITests;
			sourceTree = "<group>";
		};
		2447E8391E4C57F800323545 /* AppConstants */ = {
			isa = PBXGroup;
			children = (
				24C5BB891E5124AE00D17B2E /* ApiKeys.plist */,
				24C5BB871E51248B00D17B2E /* ApiKeys.swift */,
				24C5BB851E51246200D17B2E /* Constants.swift */,
			);
			name = AppConstants;
			sourceTree = "<group>";
		};
		2447E83A1E4C581D00323545 /* Model */ = {
			isa = PBXGroup;
			children = (
				24C5BBB51E53C3BD00D17B2E /* Pin+CoreDataClass.swift */,
				24C5BBB61E53C3BD00D17B2E /* Pin+CoreDataProperties.swift */,
				24C5BBB71E53C3BD00D17B2E /* Photo+CoreDataClass.swift */,
				24C5BBB81E53C3BD00D17B2E /* Photo+CoreDataProperties.swift */,
				24C5BBB31E53BDE000D17B2E /* PinAnnotation.swift */,
				2447E83E1E4C587A00323545 /* Clients */,
				241342AF1E51182100EA1803 /* VirtualTourist.xcdatamodeld */,
			);
			name = Model;
			sourceTree = "<group>";
		};
		2447E83B1E4C583800323545 /* View */ = {
			isa = PBXGroup;
			children = (
				24C5BBAD1E53B9CE00D17B2E /* PhotoCollectionViewCell.swift */,
			);
			name = View;
			sourceTree = "<group>";
		};
		2447E83C1E4C584100323545 /* Controller */ = {
			isa = PBXGroup;
			children = (
				24C5BBAF1E53BA0E00D17B2E /* LocationsMapViewController.swift */,
				24C5BBB11E53BA2C00D17B2E /* PhotoAlbumViewController.swift */,
			);
			name = Controller;
			sourceTree = "<group>";
		};
		2447E83D1E4C585400323545 /* Assets */ = {
			isa = PBXGroup;
			children = (
				2447E8141E4C57D500323545 /* LaunchScreen.storyboard */,
				2447E80F1E4C57D500323545 /* Main.storyboard */,
				2447E8121E4C57D500323545 /* Assets.xcassets */,
			);
			name = Assets;
			sourceTree = "<group>";
		};
		2447E83E1E4C587A00323545 /* Clients */ = {
			isa = PBXGroup;
			children = (
				2447E83F1E4C588A00323545 /* Flickr */,
			);
			name = Clients;
			sourceTree = "<group>";
		};
		2447E83F1E4C588A00323545 /* Flickr */ = {
			isa = PBXGroup;
			children = (
				241342BA1E511FAD00EA1803 /* FlickrClient.swift */,
				24C5BBAB1E53B69D00D17B2E /* FlickrConvenience.swift */,
				241342BC1E511FD900EA1803 /* FlickrConstants.swift */,
			);
			name = Flickr;
			sourceTree = "<group>";
		};
/* End PBXGroup section */

/* Begin PBXNativeTarget section */
		2447E8071E4C57D500323545 /* VirtualTourist */ = {
			isa = PBXNativeTarget;
			buildConfigurationList = 2447E8301E4C57D500323545 /* Build configuration list for PBXNativeTarget "VirtualTourist" */;
			buildPhases = (
				2447E8041E4C57D500323545 /* Sources */,
				2447E8051E4C57D500323545 /* Frameworks */,
				2447E8061E4C57D500323545 /* Resources */,
			);
			buildRules = (
			);
			dependencies = (
			);
			name = VirtualTourist;
			productName = VirtualTourist;
			productReference = 2447E8081E4C57D500323545 /* VirtualTourist.app */;
			productType = "com.apple.product-type.application";
		};
		2447E81B1E4C57D500323545 /* VirtualTouristTests */ = {
			isa = PBXNativeTarget;
			buildConfigurationList = 2447E8331E4C57D500323545 /* Build configuration list for PBXNativeTarget "VirtualTouristTests" */;
			buildPhases = (
				2447E8181E4C57D500323545 /* Sources */,
				2447E8191E4C57D500323545 /* Frameworks */,
				2447E81A1E4C57D500323545 /* Resources */,
			);
			buildRules = (
			);
			dependencies = (
				2447E81E1E4C57D500323545 /* PBXTargetDependency */,
			);
			name = VirtualTouristTests;
			productName = VirtualTouristTests;
			productReference = 2447E81C1E4C57D500323545 /* VirtualTouristTests.xctest */;
			productType = "com.apple.product-type.bundle.unit-test";
		};
		2447E8261E4C57D500323545 /* VirtualTouristUITests */ = {
			isa = PBXNativeTarget;
			buildConfigurationList = 2447E8361E4C57D500323545 /* Build configuration list for PBXNativeTarget "VirtualTouristUITests" */;
			buildPhases = (
				2447E8231E4C57D500323545 /* Sources */,
				2447E8241E4C57D500323545 /* Frameworks */,
				2447E8251E4C57D500323545 /* Resources */,
			);
			buildRules = (
			);
			dependencies = (
				2447E8291E4C57D500323545 /* PBXTargetDependency */,
			);
			name = VirtualTouristUITests;
			productName = VirtualTouristUITests;
			productReference = 2447E8271E4C57D500323545 /* VirtualTouristUITests.xctest */;
			productType = "com.apple.product-type.bundle.ui-testing";
		};
/* End PBXNativeTarget section */

/* Begin PBXProject section */
		2447E8001E4C57D500323545 /* Project object */ = {
			isa = PBXProject;
			attributes = {
				LastSwiftUpdateCheck = 0820;
				LastUpgradeCheck = 0820;
				ORGANIZATIONNAME = saneryee;
				TargetAttributes = {
					2447E8071E4C57D500323545 = {
						CreatedOnToolsVersion = 8.2.1;
						DevelopmentTeam = 9MF9GV29AQ;
						ProvisioningStyle = Automatic;
					};
					2447E81B1E4C57D500323545 = {
						CreatedOnToolsVersion = 8.2.1;
						DevelopmentTeam = 9MF9GV29AQ;
						ProvisioningStyle = Automatic;
						TestTargetID = 2447E8071E4C57D500323545;
					};
					2447E8261E4C57D500323545 = {
						CreatedOnToolsVersion = 8.2.1;
						DevelopmentTeam = 9MF9GV29AQ;
						ProvisioningStyle = Automatic;
						TestTargetID = 2447E8071E4C57D500323545;
					};
				};
			};
			buildConfigurationList = 2447E8031E4C57D500323545 /* Build configuration list for PBXProject "VirtualTourist" */;
			compatibilityVersion = "Xcode 3.2";
			developmentRegion = English;
			hasScannedForEncodings = 0;
			knownRegions = (
				en,
				Base,
			);
			mainGroup = 2447E7FF1E4C57D500323545;
			productRefGroup = 2447E8091E4C57D500323545 /* Products */;
			projectDirPath = "";
			projectRoot = "";
			targets = (
				2447E8071E4C57D500323545 /* VirtualTourist */,
				2447E81B1E4C57D500323545 /* VirtualTouristTests */,
				2447E8261E4C57D500323545 /* VirtualTouristUITests */,
			);
		};
/* End PBXProject section */

/* Begin PBXResourcesBuildPhase section */
		2447E8061E4C57D500323545 /* Resources */ = {
			isa = PBXResourcesBuildPhase;
			buildActionMask = 2147483647;
			files = (
				2447E8161E4C57D500323545 /* LaunchScreen.storyboard in Resources */,
				24C5BB8A1E5124AE00D17B2E /* ApiKeys.plist in Resources */,
				2447E8131E4C57D500323545 /* Assets.xcassets in Resources */,
				2447E8111E4C57D500323545 /* Main.storyboard in Resources */,
			);
			runOnlyForDeploymentPostprocessing = 0;
		};
		2447E81A1E4C57D500323545 /* Resources */ = {
			isa = PBXResourcesBuildPhase;
			buildActionMask = 2147483647;
			files = (
			);
			runOnlyForDeploymentPostprocessing = 0;
		};
		2447E8251E4C57D500323545 /* Resources */ = {
			isa = PBXResourcesBuildPhase;
			buildActionMask = 2147483647;
			files = (
			);
			runOnlyForDeploymentPostprocessing = 0;
		};
/* End PBXResourcesBuildPhase section */

/* Begin PBXSourcesBuildPhase section */
		2447E8041E4C57D500323545 /* Sources */ = {
			isa = PBXSourcesBuildPhase;
			buildActionMask = 2147483647;
			files = (
				24C5BBB21E53BA2C00D17B2E /* PhotoAlbumViewController.swift in Sources */,
				24C5BBAE1E53B9CE00D17B2E /* PhotoCollectionViewCell.swift in Sources */,
				24C5BBB01E53BA0E00D17B2E /* LocationsMapViewController.swift in Sources */,
				24C5BBBC1E53C3BD00D17B2E /* Photo+CoreDataProperties.swift in Sources */,
				24C5BB881E51248B00D17B2E /* ApiKeys.swift in Sources */,
				24C5BBAC1E53B69D00D17B2E /* FlickrConvenience.swift in Sources */,
				24C5BBB41E53BDE000D17B2E /* PinAnnotation.swift in Sources */,
				241342BD1E511FD900EA1803 /* FlickrConstants.swift in Sources */,
				24C5BB861E51246200D17B2E /* Constants.swift in Sources */,
				24C5BBBB1E53C3BD00D17B2E /* Photo+CoreDataClass.swift in Sources */,
				2447E80C1E4C57D500323545 /* AppDelegate.swift in Sources */,
				24C5BBB91E53C3BD00D17B2E /* Pin+CoreDataClass.swift in Sources */,
				24C5BBBA1E53C3BD00D17B2E /* Pin+CoreDataProperties.swift in Sources */,
				241342B11E51182100EA1803 /* VirtualTourist.xcdatamodeld in Sources */,
				241342BB1E511FAD00EA1803 /* FlickrClient.swift in Sources */,
			);
			runOnlyForDeploymentPostprocessing = 0;
		};
		2447E8181E4C57D500323545 /* Sources */ = {
			isa = PBXSourcesBuildPhase;
			buildActionMask = 2147483647;
			files = (
				2447E8211E4C57D500323545 /* VirtualTouristTests.swift in Sources */,
			);
			runOnlyForDeploymentPostprocessing = 0;
		};
		2447E8231E4C57D500323545 /* Sources */ = {
			isa = PBXSourcesBuildPhase;
			buildActionMask = 2147483647;
			files = (
				2447E82C1E4C57D500323545 /* VirtualTouristUITests.swift in Sources */,
			);
			runOnlyForDeploymentPostprocessing = 0;
		};
/* End PBXSourcesBuildPhase section */

/* Begin PBXTargetDependency section */
		2447E81E1E4C57D500323545 /* PBXTargetDependency */ = {
			isa = PBXTargetDependency;
			target = 2447E8071E4C57D500323545 /* VirtualTourist */;
			targetProxy = 2447E81D1E4C57D500323545 /* PBXContainerItemProxy */;
		};
		2447E8291E4C57D500323545 /* PBXTargetDependency */ = {
			isa = PBXTargetDependency;
			target = 2447E8071E4C57D500323545 /* VirtualTourist */;
			targetProxy = 2447E8281E4C57D500323545 /* PBXContainerItemProxy */;
		};
/* End PBXTargetDependency section */

/* Begin PBXVariantGroup section */
		2447E80F1E4C57D500323545 /* Main.storyboard */ = {
			isa = PBXVariantGroup;
			children = (
				2447E8101E4C57D500323545 /* Base */,
			);
			name = Main.storyboard;
			sourceTree = "<group>";
		};
		2447E8141E4C57D500323545 /* LaunchScreen.storyboard */ = {
			isa = PBXVariantGroup;
			children = (
				2447E8151E4C57D500323545 /* Base */,
			);
			name = LaunchScreen.storyboard;
			sourceTree = "<group>";
		};
/* End PBXVariantGroup section */

/* Begin XCBuildConfiguration section */
		2447E82E1E4C57D500323545 /* Debug */ = {
			isa = XCBuildConfiguration;
			buildSettings = {
				ALWAYS_SEARCH_USER_PATHS = NO;
				CLANG_ANALYZER_NONNULL = YES;
				CLANG_CXX_LANGUAGE_STANDARD = "gnu++0x";
				CLANG_CXX_LIBRARY = "libc++";
				CLANG_ENABLE_MODULES = YES;
				CLANG_ENABLE_OBJC_ARC = YES;
				CLANG_WARN_BOOL_CONVERSION = YES;
				CLANG_WARN_CONSTANT_CONVERSION = YES;
				CLANG_WARN_DIRECT_OBJC_ISA_USAGE = YES_ERROR;
				CLANG_WARN_DOCUMENTATION_COMMENTS = YES;
				CLANG_WARN_EMPTY_BODY = YES;
				CLANG_WARN_ENUM_CONVERSION = YES;
				CLANG_WARN_INFINITE_RECURSION = YES;
				CLANG_WARN_INT_CONVERSION = YES;
				CLANG_WARN_OBJC_ROOT_CLASS = YES_ERROR;
				CLANG_WARN_SUSPICIOUS_MOVE = YES;
				CLANG_WARN_UNREACHABLE_CODE = YES;
				CLANG_WARN__DUPLICATE_METHOD_MATCH = YES;
				"CODE_SIGN_IDENTITY[sdk=iphoneos*]" = "iPhone Developer";
				COPY_PHASE_STRIP = NO;
				DEBUG_INFORMATION_FORMAT = dwarf;
				ENABLE_STRICT_OBJC_MSGSEND = YES;
				ENABLE_TESTABILITY = YES;
				GCC_C_LANGUAGE_STANDARD = gnu99;
				GCC_DYNAMIC_NO_PIC = NO;
				GCC_NO_COMMON_BLOCKS = YES;
				GCC_OPTIMIZATION_LEVEL = 0;
				GCC_PREPROCESSOR_DEFINITIONS = (
					"DEBUG=1",
					"$(inherited)",
				);
				GCC_WARN_64_TO_32_BIT_CONVERSION = YES;
				GCC_WARN_ABOUT_RETURN_TYPE = YES_ERROR;
				GCC_WARN_UNDECLARED_SELECTOR = YES;
				GCC_WARN_UNINITIALIZED_AUTOS = YES_AGGRESSIVE;
				GCC_WARN_UNUSED_FUNCTION = YES;
				GCC_WARN_UNUSED_VARIABLE = YES;
				IPHONEOS_DEPLOYMENT_TARGET = 10.2;
				MTL_ENABLE_DEBUG_INFO = YES;
				ONLY_ACTIVE_ARCH = YES;
				SDKROOT = iphoneos;
				SWIFT_ACTIVE_COMPILATION_CONDITIONS = DEBUG;
				SWIFT_OPTIMIZATION_LEVEL = "-Onone";
				TARGETED_DEVICE_FAMILY = "1,2";
			};
			name = Debug;
		};
		2447E82F1E4C57D500323545 /* Release */ = {
			isa = XCBuildConfiguration;
			buildSettings = {
				ALWAYS_SEARCH_USER_PATHS = NO;
				CLANG_ANALYZER_NONNULL = YES;
				CLANG_CXX_LANGUAGE_STANDARD = "gnu++0x";
				CLANG_CXX_LIBRARY = "libc++";
				CLANG_ENABLE_MODULES = YES;
				CLANG_ENABLE_OBJC_ARC = YES;
				CLANG_WARN_BOOL_CONVERSION = YES;
				CLANG_WARN_CONSTANT_CONVERSION = YES;
				CLANG_WARN_DIRECT_OBJC_ISA_USAGE = YES_ERROR;
				CLANG_WARN_DOCUMENTATION_COMMENTS = YES;
				CLANG_WARN_EMPTY_BODY = YES;
				CLANG_WARN_ENUM_CONVERSION = YES;
				CLANG_WARN_INFINITE_RECURSION = YES;
				CLANG_WARN_INT_CONVERSION = YES;
				CLANG_WARN_OBJC_ROOT_CLASS = YES_ERROR;
				CLANG_WARN_SUSPICIOUS_MOVE = YES;
				CLANG_WARN_UNREACHABLE_CODE = YES;
				CLANG_WARN__DUPLICATE_METHOD_MATCH = YES;
				"CODE_SIGN_IDENTITY[sdk=iphoneos*]" = "iPhone Developer";
				COPY_PHASE_STRIP = NO;
				DEBUG_INFORMATION_FORMAT = "dwarf-with-dsym";
				ENABLE_NS_ASSERTIONS = NO;
				ENABLE_STRICT_OBJC_MSGSEND = YES;
				GCC_C_LANGUAGE_STANDARD = gnu99;
				GCC_NO_COMMON_BLOCKS = YES;
				GCC_WARN_64_TO_32_BIT_CONVERSION = YES;
				GCC_WARN_ABOUT_RETURN_TYPE = YES_ERROR;
				GCC_WARN_UNDECLARED_SELECTOR = YES;
				GCC_WARN_UNINITIALIZED_AUTOS = YES_AGGRESSIVE;
				GCC_WARN_UNUSED_FUNCTION = YES;
				GCC_WARN_UNUSED_VARIABLE = YES;
				IPHONEOS_DEPLOYMENT_TARGET = 10.2;
				MTL_ENABLE_DEBUG_INFO = NO;
				SDKROOT = iphoneos;
				SWIFT_OPTIMIZATION_LEVEL = "-Owholemodule";
				TARGETED_DEVICE_FAMILY = "1,2";
				VALIDATE_PRODUCT = YES;
			};
			name = Release;
		};
		2447E8311E4C57D500323545 /* Debug */ = {
			isa = XCBuildConfiguration;
			buildSettings = {
				ASSETCATALOG_COMPILER_APPICON_NAME = AppIcon;
				DEVELOPMENT_TEAM = 9MF9GV29AQ;
				INFOPLIST_FILE = VirtualTourist/Info.plist;
				LD_RUNPATH_SEARCH_PATHS = "$(inherited) @executable_path/Frameworks";
				PRODUCT_BUNDLE_IDENTIFIER = saneryee.VirtualTourist;
				PRODUCT_NAME = "$(TARGET_NAME)";
				SWIFT_VERSION = 3.0;
			};
			name = Debug;
		};
		2447E8321E4C57D500323545 /* Release */ = {
			isa = XCBuildConfiguration;
			buildSettings = {
				ASSETCATALOG_COMPILER_APPICON_NAME = AppIcon;
				DEVELOPMENT_TEAM = 9MF9GV29AQ;
				INFOPLIST_FILE = VirtualTourist/Info.plist;
				LD_RUNPATH_SEARCH_PATHS = "$(inherited) @executable_path/Frameworks";
				PRODUCT_BUNDLE_IDENTIFIER = saneryee.VirtualTourist;
				PRODUCT_NAME = "$(TARGET_NAME)";
				SWIFT_VERSION = 3.0;
			};
			name = Release;
		};
		2447E8341E4C57D500323545 /* Debug */ = {
			isa = XCBuildConfiguration;
			buildSettings = {
				ALWAYS_EMBED_SWIFT_STANDARD_LIBRARIES = YES;
				BUNDLE_LOADER = "$(TEST_HOST)";
				DEVELOPMENT_TEAM = 9MF9GV29AQ;
				INFOPLIST_FILE = VirtualTouristTests/Info.plist;
				LD_RUNPATH_SEARCH_PATHS = "$(inherited) @executable_path/Frameworks @loader_path/Frameworks";
				PRODUCT_BUNDLE_IDENTIFIER = saneryee.VirtualTouristTests;
				PRODUCT_NAME = "$(TARGET_NAME)";
				SWIFT_VERSION = 3.0;
				TEST_HOST = "$(BUILT_PRODUCTS_DIR)/VirtualTourist.app/VirtualTourist";
			};
			name = Debug;
		};
		2447E8351E4C57D500323545 /* Release */ = {
			isa = XCBuildConfiguration;
			buildSettings = {
				ALWAYS_EMBED_SWIFT_STANDARD_LIBRARIES = YES;
				BUNDLE_LOADER = "$(TEST_HOST)";
				DEVELOPMENT_TEAM = 9MF9GV29AQ;
				INFOPLIST_FILE = VirtualTouristTests/Info.plist;
				LD_RUNPATH_SEARCH_PATHS = "$(inherited) @executable_path/Frameworks @loader_path/Frameworks";
				PRODUCT_BUNDLE_IDENTIFIER = saneryee.VirtualTouristTests;
				PRODUCT_NAME = "$(TARGET_NAME)";
				SWIFT_VERSION = 3.0;
				TEST_HOST = "$(BUILT_PRODUCTS_DIR)/VirtualTourist.app/VirtualTourist";
			};
			name = Release;
		};
		2447E8371E4C57D500323545 /* Debug */ = {
			isa = XCBuildConfiguration;
			buildSettings = {
				ALWAYS_EMBED_SWIFT_STANDARD_LIBRARIES = YES;
				DEVELOPMENT_TEAM = 9MF9GV29AQ;
				INFOPLIST_FILE = VirtualTouristUITests/Info.plist;
				LD_RUNPATH_SEARCH_PATHS = "$(inherited) @executable_path/Frameworks @loader_path/Frameworks";
				PRODUCT_BUNDLE_IDENTIFIER = saneryee.VirtualTouristUITests;
				PRODUCT_NAME = "$(TARGET_NAME)";
				SWIFT_VERSION = 3.0;
				TEST_TARGET_NAME = VirtualTourist;
			};
			name = Debug;
		};
		2447E8381E4C57D500323545 /* Release */ = {
			isa = XCBuildConfiguration;
			buildSettings = {
				ALWAYS_EMBED_SWIFT_STANDARD_LIBRARIES = YES;
				DEVELOPMENT_TEAM = 9MF9GV29AQ;
				INFOPLIST_FILE = VirtualTouristUITests/Info.plist;
				LD_RUNPATH_SEARCH_PATHS = "$(inherited) @executable_path/Frameworks @loader_path/Frameworks";
				PRODUCT_BUNDLE_IDENTIFIER = saneryee.VirtualTouristUITests;
				PRODUCT_NAME = "$(TARGET_NAME)";
				SWIFT_VERSION = 3.0;
				TEST_TARGET_NAME = VirtualTourist;
			};
			name = Release;
		};
/* End XCBuildConfiguration section */

/* Begin XCConfigurationList section */
		2447E8031E4C57D500323545 /* Build configuration list for PBXProject "VirtualTourist" */ = {
			isa = XCConfigurationList;
			buildConfigurations = (
				2447E82E1E4C57D500323545 /* Debug */,
				2447E82F1E4C57D500323545 /* Release */,
			);
			defaultConfigurationIsVisible = 0;
			defaultConfigurationName = Release;
		};
		2447E8301E4C57D500323545 /* Build configuration list for PBXNativeTarget "VirtualTourist" */ = {
			isa = XCConfigurationList;
			buildConfigurations = (
				2447E8311E4C57D500323545 /* Debug */,
				2447E8321E4C57D500323545 /* Release */,
			);
			defaultConfigurationIsVisible = 0;
			defaultConfigurationName = Release;
		};
		2447E8331E4C57D500323545 /* Build configuration list for PBXNativeTarget "VirtualTouristTests" */ = {
			isa = XCConfigurationList;
			buildConfigurations = (
				2447E8341E4C57D500323545 /* Debug */,
				2447E8351E4C57D500323545 /* Release */,
			);
			defaultConfigurationIsVisible = 0;
			defaultConfigurationName = Release;
		};
		2447E8361E4C57D500323545 /* Build configuration list for PBXNativeTarget "VirtualTouristUITests" */ = {
			isa = XCConfigurationList;
			buildConfigurations = (
				2447E8371E4C57D500323545 /* Debug */,
				2447E8381E4C57D500323545 /* Release */,
			);
			defaultConfigurationIsVisible = 0;
			defaultConfigurationName = Release;
		};
/* End XCConfigurationList section */

/* Begin XCVersionGroup section */
		241342AF1E51182100EA1803 /* VirtualTourist.xcdatamodeld */ = {
			isa = XCVersionGroup;
			children = (
				241342B01E51182100EA1803 /* VirtualTourist.xcdatamodel */,
			);
			currentVersion = 241342B01E51182100EA1803 /* VirtualTourist.xcdatamodel */;
			path = VirtualTourist.xcdatamodeld;
			sourceTree = "<group>";
			versionGroupType = wrapper.xcdatamodel;
		};
/* End XCVersionGroup section */
	};
	rootObject = 2447E8001E4C57D500323545 /* Project object */;
}
